{
  "lockfileVersion": 1,
  "configVersion": 0,
  "workspaces": {
    "": {
      "name": "rescript-bun-monorepo",
      "dependencies": {
        "@rescript-bun-monorepo/app": "workspace:*",
        "@rescript-bun-monorepo/common": "workspace:*",
      },
      "devDependencies": {
        "rescript": "catalog:",
        "rescript-bun": "catalog:",
      },
    },
    "packages/app": {
      "name": "@rescript-bun-monorepo/app",
      "version": "0.0.0",
      "dependencies": {
        "@rescript-bun-monorepo/common": "workspace:*",
      },
    },
    "packages/common": {
      "name": "@rescript-bun-monorepo/common",
      "version": "0.0.0",
    },
  },
  "catalog": {
    "rescript": "^12.0.0",
    "rescript-bun": "^2.1.0",
  },
  "packages": {
    "@rescript-bun-monorepo/app": ["@rescript-bun-monorepo/app@workspace:packages/app"],

    "@rescript-bun-monorepo/common": ["@rescript-bun-monorepo/common@workspace:packages/common"],

    "@rescript/darwin-arm64": ["@rescript/darwin-arm64@12.0.2", "", { "os": "darwin", "cpu": "arm64" }, "sha512-GcfiPE0L2N7smWXMBEW4pvlcqblSbKh2tisZTuOaLPr9+WmaXnBLap6OUT+XoEWzTY0RA4QURfpNJLAgqZPrzw=="],

    "@rescript/darwin-x64": ["@rescript/darwin-x64@12.0.2", "", { "os": "darwin", "cpu": "x64" }, "sha512-di4eucoDdLsLqz86h7Cwywsmt+xFup7rpVlkx8L7i22RTqyTw+CD6aGjFj1Ddj2sVUd5SSFiE9Hj86QggzUgbg=="],

    "@rescript/linux-arm64": ["@rescript/linux-arm64@12.0.2", "", { "os": "linux", "cpu": "arm64" }, "sha512-x6WOyimX0kw9DGADQ02R2rmvKu8SQOrskfYrKREfc2CgDT+FOKAH+qxvpUiljKhrvthoHkVBJOXtlKk854OdjQ=="],

    "@rescript/linux-x64": ["@rescript/linux-x64@12.0.2", "", { "os": "linux", "cpu": "x64" }, "sha512-5QHE+Ca1h3qXxDkw343923WTEdEyBeXphrv+8SZLhLOFNabQ5t6m4rWf52RluDqQpa67j6GB8kVAZpqc2rA2Qw=="],

    "@rescript/runtime": ["@rescript/runtime@12.0.2", "", {}, "sha512-Jma1QEgns/WlWeVap/Mv6dVbFEKmftPOrmwQbzLQnnrQ9z6PJjorHIvDMQUigQKnvM/4RhRJ3LiG+CsNtgS9ww=="],

    "@rescript/win32-x64": ["@rescript/win32-x64@12.0.2", "", { "os": "win32", "cpu": "x64" }, "sha512-QcNQiok3H2Xd+cReB1kpH4hlPXnT7DA6ETsJfZugTUOKOdAYLTJ+Imynv+ojuafkUrwa2v0tZAiqHaQsDjf9IQ=="],

    "rescript": ["rescript@12.0.2", "", { "dependencies": { "@rescript/runtime": "12.0.2" }, "optionalDependencies": { "@rescript/darwin-arm64": "12.0.2", "@rescript/darwin-x64": "12.0.2", "@rescript/linux-arm64": "12.0.2", "@rescript/linux-x64": "12.0.2", "@rescript/win32-x64": "12.0.2" }, "bin": { "bsc": "cli/bsc.js", "rescript": "cli/rescript.js", "bstracing": "cli/bstracing.js", "rescript-tools": "cli/rescript-tools.js", "rescript-legacy": "cli/rescript-legacy.js" } }, "sha512-H1K9ovIxg2BVwJcXN1cZv0Q1pJEyFgNcUDKHSkmKmv5eBZMpXBASTZ2+grDt0zFFNoeFA1B9abAjSf+oTTi7hg=="],

    "rescript-bun": ["rescript-bun@2.1.0", "", { "peerDependencies": { "rescript": ">= 12.0.0-alpha.4" } }, "sha512-8INIikN97UlmJgPy5DAnx0fzkqq8Ux6Glj6iYE+SURfLr66PsgaVTgpmlpXBrBjTM/bhaAL82Ulc0gI60YdFYg=="],
  }
}
